
Microsoft Visual Studio Solution File, Format Version 12.00
# Visual Studio Version 16
VisualStudioVersion = 16.0.31624.102
MinimumVisualStudioVersion = 10.0.40219.1
Project("{FAE04EC0-301F-11D3-BF4B-00C04F79EFBC}") = "lab2prepPaint", "lab2prepPaint.csproj", "{6F8DBBAA-DF57-4A6E-87FD-067708A9B750}"
EndProject
Global
	GlobalSection(SolutionConfigurationPlatforms) = preSolution
		Debug|Any CPU = Debug|Any CPU
		Release|Any CPU = Release|Any CPU
	EndGlobalSection
	GlobalSection(ProjectConfigurationPlatforms) = postSolution
		{6F8DBBAA-DF57-4A6E-87FD-067708A9B750}.Debug|Any CPU.ActiveCfg = Debug|Any CPU
		{6F8DBBAA-DF57-4A6E-87FD-067708A9B750}.Debug|Any CPU.Build.0 = Debug|Any CPU
		{6F8DBBAA-DF57-4A6E-87FD-067708A9B750}.Release|Any CPU.ActiveCfg = Release|Any CPU
		{6F8DBBAA-DF57-4A6E-87FD-067708A9B750}.Release|Any CPU.Build.0 = Release|Any CPU
	EndGlobalSection
	GlobalSection(SolutionProperties) = preSolution
		HideSolutionNode = FALSE
	EndGlobalSection
	GlobalSection(ExtensibilityGlobals) = postSolution
		SolutionGuid = {8F87463F-1EC1-4B59-B5B4-FEAB8E3D66B4}
	EndGlobalSection
EndGlobal
