
Microsoft Visual Studio Solution File, Format Version 12.00
# Visual Studio Version 16
VisualStudioVersion = 16.0.31624.102
MinimumVisualStudioVersion = 10.0.40219.1
Project("{FAE04EC0-301F-11D3-BF4B-00C04F79EFBC}") = "lab4_prepCompany", "lab4_prepCompany\lab4_prepCompany.csproj", "{435BB63B-03BD-43A1-9E29-3F9B858779AD}"
EndProject
Global
	GlobalSection(SolutionConfigurationPlatforms) = preSolution
		Debug|Any CPU = Debug|Any CPU
		Release|Any CPU = Release|Any CPU
	EndGlobalSection
	GlobalSection(ProjectConfigurationPlatforms) = postSolution
		{435BB63B-03BD-43A1-9E29-3F9B858779AD}.Debug|Any CPU.ActiveCfg = Debug|Any CPU
		{435BB63B-03BD-43A1-9E29-3F9B858779AD}.Debug|Any CPU.Build.0 = Debug|Any CPU
		{435BB63B-03BD-43A1-9E29-3F9B858779AD}.Release|Any CPU.ActiveCfg = Release|Any CPU
		{435BB63B-03BD-43A1-9E29-3F9B858779AD}.Release|Any CPU.Build.0 = Release|Any CPU
	EndGlobalSection
	GlobalSection(SolutionProperties) = preSolution
		HideSolutionNode = FALSE
	EndGlobalSection
	GlobalSection(ExtensibilityGlobals) = postSolution
		SolutionGuid = {68385C34-CE8E-4524-862A-E0F0066DB395}
	EndGlobalSection
EndGlobal
