
Microsoft Visual Studio Solution File, Format Version 12.00
# Visual Studio Version 16
VisualStudioVersion = 16.0.31624.102
MinimumVisualStudioVersion = 10.0.40219.1
Project("{FAE04EC0-301F-11D3-BF4B-00C04F79EFBC}") = "tutorial2", "tutorial2\tutorial2.csproj", "{71C1987D-B3AB-48C9-B48E-760D363EA768}"
EndProject
Global
	GlobalSection(SolutionConfigurationPlatforms) = preSolution
		Debug|Any CPU = Debug|Any CPU
		Release|Any CPU = Release|Any CPU
	EndGlobalSection
	GlobalSection(ProjectConfigurationPlatforms) = postSolution
		{71C1987D-B3AB-48C9-B48E-760D363EA768}.Debug|Any CPU.ActiveCfg = Debug|Any CPU
		{71C1987D-B3AB-48C9-B48E-760D363EA768}.Debug|Any CPU.Build.0 = Debug|Any CPU
		{71C1987D-B3AB-48C9-B48E-760D363EA768}.Release|Any CPU.ActiveCfg = Release|Any CPU
		{71C1987D-B3AB-48C9-B48E-760D363EA768}.Release|Any CPU.Build.0 = Release|Any CPU
	EndGlobalSection
	GlobalSection(SolutionProperties) = preSolution
		HideSolutionNode = FALSE
	EndGlobalSection
	GlobalSection(ExtensibilityGlobals) = postSolution
		SolutionGuid = {D55449CB-DA3F-4E9F-9773-2D878237DB09}
	EndGlobalSection
EndGlobal
